# This file is autogenerated, do not edit; changes may be undone by the next 'dep ensure'.


[[projects]]
  branch = "master"
  name = "github.com/mitchellh/copystructure"
  packages = ["."]
  revision = "d23ffcb85de31694d6ccaa23ccb4a03e55c1303f"

[[projects]]
  branch = "master"
  name = "github.com/mitchellh/reflectwalk"
  packages = ["."]
  revision = "63d60e9d0dbc60cf9164e6510889b0db6683d98c"

[[projects]]
  name = "github.com/sirupsen/logrus"
  packages = ["."]
  revision = "3d4380f53a34dcdc95f0c1db702615992b38d9a4"

[[projects]]
  name = "golang.org/x/sys"
  packages = ["unix"]
  revision = "99f16d856c9836c42d24e7ab64ea72916925fa97"

[[projects]]
  name = "gopkg.in/yaml.v2"
  packages = ["."]
  revision = "a3f3340b5840cee44f372bddb5880fcbc419b46a"

[solve-meta]
  analyzer-name = "dep"
  analyzer-version = 1
  inputs-digest = "cdd231d5d8911154b4226e1b9c4ac8b637c5ad302c7af280821a188d9e86256e"
  solver-name = "gps-cdcl"
  solver-version = 1
